
Microsoft Visual Studio Solution File, Format Version 12.00
# Visual Studio Version 16
VisualStudioVersion = 16.0.29911.84
MinimumVisualStudioVersion = 10.0.40219.1
Project("{FAE04EC0-301F-11D3-BF4B-00C04F79EFBC}") = "WikY", "WikY\WikY.csproj", "{2A9FE0F9-0EE3-4DA7-A835-9754D8A328B5}"
EndProject
Global
	GlobalSection(SolutionConfigurationPlatforms) = preSolution
		Debug|Any CPU = Debug|Any CPU
		Release|Any CPU = Release|Any CPU
	EndGlobalSection
	GlobalSection(ProjectConfigurationPlatforms) = postSolution
		{2A9FE0F9-0EE3-4DA7-A835-9754D8A328B5}.Debug|Any CPU.ActiveCfg = Debug|Any CPU
		{2A9FE0F9-0EE3-4DA7-A835-9754D8A328B5}.Debug|Any CPU.Build.0 = Debug|Any CPU
		{2A9FE0F9-0EE3-4DA7-A835-9754D8A328B5}.Release|Any CPU.ActiveCfg = Release|Any CPU
		{2A9FE0F9-0EE3-4DA7-A835-9754D8A328B5}.Release|Any CPU.Build.0 = Release|Any CPU
	EndGlobalSection
	GlobalSection(SolutionProperties) = preSolution
		HideSolutionNode = FALSE
	EndGlobalSection
	GlobalSection(ExtensibilityGlobals) = postSolution
		SolutionGuid = {2F2AF0AD-2AD3-4401-9AD1-D5697D0B5E43}
	EndGlobalSection
EndGlobal
